<?xml version="1.0" encoding="utf-8"?>
<Project ToolsVersion="4.0" xmlns="http://schemas.microsoft.com/developer/msbuild/2003">
  <ItemGroup>
    <Filter Include="Resource Files">
      <UniqueIdentifier>{67DA6AB6-F800-4c08-8B7A-83BB121AAD01}</UniqueIdentifier>
      <Extensions>rc;ico;cur;bmp;dlg;rc2;rct;bin;rgs;gif;jpg;jpeg;jpe;resx;tiff;tif;png;wav;mfcribbon-ms</Extensions>
    </Filter>
    <Filter Include="src">
      <UniqueIdentifier>{1ab3c06d-1a97-4361-abe9-f3c19e941103}</UniqueIdentifier>
    </Filter>
    <Filter Include="src\common">
      <UniqueIdentifier>{d7807af0-21b9-4bb1-8781-476fdccd9ea9}</UniqueIdentifier>
    </Filter>
    <Filter Include="Resource Files\Shaders">
      <UniqueIdentifier>{40107d90-0766-405d-b9f2-a1dfc6a2c845}</UniqueIdentifier>
    </Filter>
    <Filter Include="src\imgui">
      <UniqueIdentifier>{7377ec0f-a7b0-485f-aa25-a5866c8565e6}</UniqueIdentifier>
    </Filter>
  </ItemGroup>
  <ItemGroup>
    <ClCompile Include="src\main.cpp">
      <Filter>src</Filter>
    </ClCompile>
    <ClCompile Include="src\common\ResourceManager.cpp">
      <Filter>src\common</Filter>
    </ClCompile>
    <ClCompile Include="src\common\Mesh.cpp">
      <Filter>src\common</Filter>
    </ClCompile>
    <ClCompile Include="src\common\ShaderProgram.cpp">
      <Filter>src\common</Filter>
    </ClCompile>
    <ClCompile Include="src\common\Texture.cpp">
      <Filter>src\common</Filter>
    </ClCompile>
    <ClCompile Include="src\common\Camera.cpp">
      <Filter>src\common</Filter>
    </ClCompile>
    <ClCompile Include="src\SimpleMeshDemo.cpp">
      <Filter>src</Filter>
    </ClCompile>
    <ClCompile Include="src\imgui\imgui.cpp">
      <Filter>src\imgui</Filter>
    </ClCompile>
    <ClCompile Include="src\imgui\imgui_demo.cpp">
      <Filter>src\imgui</Filter>
    </ClCompile>
    <ClCompile Include="src\imgui\imgui_draw.cpp">
      <Filter>src\imgui</Filter>
    </ClCompile>
    <ClCompile Include="src\imgui\imgui_impl_glfw_gl3.cpp">
      <Filter>src\imgui</Filter>
    </ClCompile>
    <ClCompile Include="src\common\FPSCamera.cpp">
      <Filter>src\common</Filter>
    </ClCompile>
    <ClCompile Include="src\common\CubeMapCamera.cpp">
      <Filter>src\common</Filter>
    </ClCompile>
    <ClCompile Include="src\common\CubeMapTexture.cpp">
      <Filter>src\common</Filter>
    </ClCompile>
    <ClCompile Include="src\SphericalHarmonicsDemo.cpp">
      <Filter>src</Filter>
    </ClCompile>
    <ClCompile Include="src\common\Box.cpp">
      <Filter>src\common</Filter>
    </ClCompile>
    <ClCompile Include="src\common\Model.cpp">
      <Filter>src\common</Filter>
    </ClCompile>
    <ClCompile Include="src\TerrainTesselationDemo.cpp">
      <Filter>src</Filter>
    </ClCompile>
    <ClCompile Include="src\common\Texture2D.cpp">
      <Filter>src\common</Filter>
    </ClCompile>
    <ClCompile Include="src\common\Texture2DArray.cpp">
      <Filter>src\common</Filter>
    </ClCompile>
    <ClCompile Include="src\common\Terrain.cpp">
      <Filter>src\common</Filter>
    </ClCompile>
    <ClCompile Include="src\common\TextureCube.cpp">
      <Filter>src\common</Filter>
    </ClCompile>
  </ItemGroup>
  <ItemGroup>
    <ClInclude Include="src\common\Common.h">
      <Filter>src\common</Filter>
    </ClInclude>
    <ClInclude Include="src\common\Logger.h">
      <Filter>src\common</Filter>
    </ClInclude>
    <ClInclude Include="src\common\ResourceManager.h">
      <Filter>src\common</Filter>
    </ClInclude>
    <ClInclude Include="src\common\Mesh.h">
      <Filter>src\common</Filter>
    </ClInclude>
    <ClInclude Include="src\common\ShaderProgram.h">
      <Filter>src\common</Filter>
    </ClInclude>
    <ClInclude Include="src\common\Texture.h">
      <Filter>src\common</Filter>
    </ClInclude>
    <ClInclude Include="src\IDemo.h">
      <Filter>src</Filter>
    </ClInclude>
    <ClInclude Include="src\common\Camera.h">
      <Filter>src\common</Filter>
    </ClInclude>
    <ClInclude Include="src\SimpleMeshDemo.h">
      <Filter>src</Filter>
    </ClInclude>
    <ClInclude Include="src\imgui\imgui_internal.h">
      <Filter>src\imgui</Filter>
    </ClInclude>
    <ClInclude Include="src\imgui\stb_rect_pack.h">
      <Filter>src\imgui</Filter>
    </ClInclude>
    <ClInclude Include="src\imgui\stb_textedit.h">
      <Filter>src\imgui</Filter>
    </ClInclude>
    <ClInclude Include="src\imgui\stb_truetype.h">
      <Filter>src\imgui</Filter>
    </ClInclude>
    <ClInclude Include="src\imgui\imconfig.h">
      <Filter>src\imgui</Filter>
    </ClInclude>
    <ClInclude Include="src\imgui\imgui.h">
      <Filter>src\imgui</Filter>
    </ClInclude>
    <ClInclude Include="src\imgui\imgui_impl_glfw_gl3.h">
      <Filter>src\imgui</Filter>
    </ClInclude>
    <ClInclude Include="src\common\CubeMapTexture.h">
      <Filter>src\common</Filter>
    </ClInclude>
    <ClInclude Include="src\common\FPSCamera.h">
      <Filter>src\common</Filter>
    </ClInclude>
    <ClInclude Include="src\common\CubeMapCamera.h">
      <Filter>src\common</Filter>
    </ClInclude>
    <ClInclude Include="src\SphericalHarmonicsDemo.h">
      <Filter>src</Filter>
    </ClInclude>
    <ClInclude Include="src\common\Lighting.h">
      <Filter>src\common</Filter>
    </ClInclude>
    <ClInclude Include="src\common\Box.h">
      <Filter>src\common</Filter>
    </ClInclude>
    <ClInclude Include="src\common\Model.h">
      <Filter>src\common</Filter>
    </ClInclude>
    <ClInclude Include="src\TerrainTesselationDemo.h">
      <Filter>src</Filter>
    </ClInclude>
    <ClInclude Include="src\common\Texture2D.h">
      <Filter>src\common</Filter>
    </ClInclude>
    <ClInclude Include="src\common\Texture2DArray.h">
      <Filter>src\common</Filter>
    </ClInclude>
    <ClInclude Include="src\common\Terrain.h">
      <Filter>src\common</Filter>
    </ClInclude>
    <ClInclude Include="src\common\TextureCube.h">
      <Filter>src\common</Filter>
    </ClInclude>
  </ItemGroup>
  <ItemGroup>
    <None Include="Assets\Shaders\SimpleMesh_vs.glsl">
      <Filter>Resource Files\Shaders</Filter>
    </None>
    <None Include="Assets\Shaders\SimpleMesh_fs.glsl">
      <Filter>Resource Files\Shaders</Filter>
    </None>
    <None Include="Assets\Shaders\SHLighting_fs.glsl">
      <Filter>Resource Files\Shaders</Filter>
    </None>
    <None Include="Assets\Shaders\SHLighting_vs.glsl">
      <Filter>Resource Files\Shaders</Filter>
    </None>
    <None Include="Assets\Shaders\terrain_gs.glsl">
      <Filter>Resource Files\Shaders</Filter>
    </None>
    <None Include="Assets\Shaders\terrain_tcs.glsl">
      <Filter>Resource Files\Shaders</Filter>
    </None>
    <None Include="Assets\Shaders\terrain_tes.glsl">
      <Filter>Resource Files\Shaders</Filter>
    </None>
    <None Include="Assets\Shaders\terrain_vs.glsl">
      <Filter>Resource Files\Shaders</Filter>
    </None>
    <None Include="Assets\Shaders\terrain_fs.glsl">
      <Filter>Resource Files\Shaders</Filter>
    </None>
  </ItemGroup>
</Project>